
Microsoft Visual Studio Solution File, Format Version 12.00
# Visual Studio Version 17
VisualStudioVersion = 17.14.36301.6 d17.14
MinimumVisualStudioVersion = 10.0.40219.1
Project("{2150E333-8FDC-42A3-9474-1A3956D46DE8}") = "Core", "Core", "{02EA681E-C7D8-13C7-8484-4AC65E1B71E8}"
EndProject
Project("{2150E333-8FDC-42A3-9474-1A3956D46DE8}") = "Infrastructure", "Infrastructure", "{AE3F196B-CB3C-421D-B87D-C81E90B139E4}"
EndProject
Project("{2150E333-8FDC-42A3-9474-1A3956D46DE8}") = "Presentation", "Presentation", "{394D1012-8D2B-4FA7-8F66-464FCE4E9ED3}"
EndProject
Project("{FAE04EC0-301F-11D3-BF4B-00C04F79EFBC}") = "MTStok.Domain", "MTStok.Domain\MTStok.Domain.csproj", "{C4A46810-CB4C-41BA-9499-EB8640AB5332}"
EndProject
Project("{FAE04EC0-301F-11D3-BF4B-00C04F79EFBC}") = "MTStok.Application", "MTStok.Application\MTStok.Application.csproj", "{EA1B607F-0DF9-4B80-B2A4-6DF3C3B05CFE}"
EndProject
Project("{FAE04EC0-301F-11D3-BF4B-00C04F79EFBC}") = "MTStok.Persistence", "MTStok.Persistence\MTStok.Persistence.csproj", "{BB3859A2-3BF3-456B-8374-A5B60B341ECC}"
EndProject
Project("{FAE04EC0-301F-11D3-BF4B-00C04F79EFBC}") = "MTStok.Infrastructure", "MTStok.Infrastructure\MTStok.Infrastructure.csproj", "{FE609C11-37F6-4C98-AE94-683FE213F120}"
EndProject
Project("{FAE04EC0-301F-11D3-BF4B-00C04F79EFBC}") = "MTStok.API.Auth", "MTStok.API.Auth\MTStok.API.Auth.csproj", "{D7FEF8F5-8E9C-45E6-A9F5-BD607DE0B867}"
EndProject
Project("{FAE04EC0-301F-11D3-BF4B-00C04F79EFBC}") = "MTStok.API.Product", "MTStok.API.Product\MTStok.API.Product.csproj", "{AA00CB3E-2A79-4612-B449-DF7A61E5822D}"
EndProject
Project("{FAE04EC0-301F-11D3-BF4B-00C04F79EFBC}") = "MTStok.API.Log", "MTStok.API.Log\MTStok.API.Log.csproj", "{64B7EC8F-1758-4739-A72D-EEE5E9587676}"
EndProject
Project("{FAE04EC0-301F-11D3-BF4B-00C04F79EFBC}") = "MTStok.API.Gateway", "MTStok.API.Gateway\MTStok.API.Gateway.csproj", "{CEB5F738-C48B-4D49-B078-C9FF96A8DFA9}"
EndProject
Global
	GlobalSection(SolutionConfigurationPlatforms) = preSolution
		Debug|Any CPU = Debug|Any CPU
		Release|Any CPU = Release|Any CPU
	EndGlobalSection
	GlobalSection(ProjectConfigurationPlatforms) = postSolution
		{C4A46810-CB4C-41BA-9499-EB8640AB5332}.Debug|Any CPU.ActiveCfg = Debug|Any CPU
		{C4A46810-CB4C-41BA-9499-EB8640AB5332}.Debug|Any CPU.Build.0 = Debug|Any CPU
		{C4A46810-CB4C-41BA-9499-EB8640AB5332}.Release|Any CPU.ActiveCfg = Release|Any CPU
		{C4A46810-CB4C-41BA-9499-EB8640AB5332}.Release|Any CPU.Build.0 = Release|Any CPU
		{EA1B607F-0DF9-4B80-B2A4-6DF3C3B05CFE}.Debug|Any CPU.ActiveCfg = Debug|Any CPU
		{EA1B607F-0DF9-4B80-B2A4-6DF3C3B05CFE}.Debug|Any CPU.Build.0 = Debug|Any CPU
		{EA1B607F-0DF9-4B80-B2A4-6DF3C3B05CFE}.Release|Any CPU.ActiveCfg = Release|Any CPU
		{EA1B607F-0DF9-4B80-B2A4-6DF3C3B05CFE}.Release|Any CPU.Build.0 = Release|Any CPU
		{BB3859A2-3BF3-456B-8374-A5B60B341ECC}.Debug|Any CPU.ActiveCfg = Debug|Any CPU
		{BB3859A2-3BF3-456B-8374-A5B60B341ECC}.Debug|Any CPU.Build.0 = Debug|Any CPU
		{BB3859A2-3BF3-456B-8374-A5B60B341ECC}.Release|Any CPU.ActiveCfg = Release|Any CPU
		{BB3859A2-3BF3-456B-8374-A5B60B341ECC}.Release|Any CPU.Build.0 = Release|Any CPU
		{FE609C11-37F6-4C98-AE94-683FE213F120}.Debug|Any CPU.ActiveCfg = Debug|Any CPU
		{FE609C11-37F6-4C98-AE94-683FE213F120}.Debug|Any CPU.Build.0 = Debug|Any CPU
		{FE609C11-37F6-4C98-AE94-683FE213F120}.Release|Any CPU.ActiveCfg = Release|Any CPU
		{FE609C11-37F6-4C98-AE94-683FE213F120}.Release|Any CPU.Build.0 = Release|Any CPU
		{D7FEF8F5-8E9C-45E6-A9F5-BD607DE0B867}.Debug|Any CPU.ActiveCfg = Debug|Any CPU
		{D7FEF8F5-8E9C-45E6-A9F5-BD607DE0B867}.Debug|Any CPU.Build.0 = Debug|Any CPU
		{D7FEF8F5-8E9C-45E6-A9F5-BD607DE0B867}.Release|Any CPU.ActiveCfg = Release|Any CPU
		{D7FEF8F5-8E9C-45E6-A9F5-BD607DE0B867}.Release|Any CPU.Build.0 = Release|Any CPU
		{AA00CB3E-2A79-4612-B449-DF7A61E5822D}.Debug|Any CPU.ActiveCfg = Debug|Any CPU
		{AA00CB3E-2A79-4612-B449-DF7A61E5822D}.Debug|Any CPU.Build.0 = Debug|Any CPU
		{AA00CB3E-2A79-4612-B449-DF7A61E5822D}.Release|Any CPU.ActiveCfg = Release|Any CPU
		{AA00CB3E-2A79-4612-B449-DF7A61E5822D}.Release|Any CPU.Build.0 = Release|Any CPU
		{64B7EC8F-1758-4739-A72D-EEE5E9587676}.Debug|Any CPU.ActiveCfg = Debug|Any CPU
		{64B7EC8F-1758-4739-A72D-EEE5E9587676}.Debug|Any CPU.Build.0 = Debug|Any CPU
		{64B7EC8F-1758-4739-A72D-EEE5E9587676}.Release|Any CPU.ActiveCfg = Release|Any CPU
		{64B7EC8F-1758-4739-A72D-EEE5E9587676}.Release|Any CPU.Build.0 = Release|Any CPU
		{CEB5F738-C48B-4D49-B078-C9FF96A8DFA9}.Debug|Any CPU.ActiveCfg = Debug|Any CPU
		{CEB5F738-C48B-4D49-B078-C9FF96A8DFA9}.Debug|Any CPU.Build.0 = Debug|Any CPU
		{CEB5F738-C48B-4D49-B078-C9FF96A8DFA9}.Release|Any CPU.ActiveCfg = Release|Any CPU
		{CEB5F738-C48B-4D49-B078-C9FF96A8DFA9}.Release|Any CPU.Build.0 = Release|Any CPU
	EndGlobalSection
	GlobalSection(SolutionProperties) = preSolution
		HideSolutionNode = FALSE
	EndGlobalSection
	GlobalSection(NestedProjects) = preSolution
		{C4A46810-CB4C-41BA-9499-EB8640AB5332} = {02EA681E-C7D8-13C7-8484-4AC65E1B71E8}
		{EA1B607F-0DF9-4B80-B2A4-6DF3C3B05CFE} = {02EA681E-C7D8-13C7-8484-4AC65E1B71E8}
		{BB3859A2-3BF3-456B-8374-A5B60B341ECC} = {AE3F196B-CB3C-421D-B87D-C81E90B139E4}
		{FE609C11-37F6-4C98-AE94-683FE213F120} = {AE3F196B-CB3C-421D-B87D-C81E90B139E4}
		{D7FEF8F5-8E9C-45E6-A9F5-BD607DE0B867} = {394D1012-8D2B-4FA7-8F66-464FCE4E9ED3}
		{AA00CB3E-2A79-4612-B449-DF7A61E5822D} = {394D1012-8D2B-4FA7-8F66-464FCE4E9ED3}
		{64B7EC8F-1758-4739-A72D-EEE5E9587676} = {394D1012-8D2B-4FA7-8F66-464FCE4E9ED3}
		{CEB5F738-C48B-4D49-B078-C9FF96A8DFA9} = {394D1012-8D2B-4FA7-8F66-464FCE4E9ED3}
	EndGlobalSection
	GlobalSection(ExtensibilityGlobals) = postSolution
		SolutionGuid = {ABB4E9E1-63F6-4411-A153-BB56230B78F5}
	EndGlobalSection
EndGlobal
